{
  "pins" : [
    {
      "identity" : "nexallama",
      "kind" : "remoteSourceControl",
      "location" : "https://github.com/YangXianda007/NexaLLama.git",
      "state" : {
        "branch" : "main",
        "revision" : "0edd8c8e1e89d139d395c99f13dbe86cd1e9f526"
      }
    }
  ],
  "version" : 2
}
