{
  "pins" : [
    {
      "identity" : "nexallama",
      "kind" : "remoteSourceControl",
      "location" : "https://github.com/YangXianda007/NexaLLama.git",
      "state" : {
        "branch" : "main",
        "revision" : "66341d8c8e29a43e0bc44138d0435adc31662187"
      }
    }
  ],
  "version" : 2
}
